
Microsoft Visual Studio Solution File, Format Version 12.00
# Visual Studio Version 17
VisualStudioVersion = 17.1.32319.34
MinimumVisualStudioVersion = 10.0.40219.1
Project("{FAE04EC0-301F-11D3-BF4B-00C04F79EFBC}") = "RazorWebApp", "RazorWebApp\RazorWebApp.csproj", "{0BC8F0C2-1C46-463F-AA7F-DB840AEC8E13}"
EndProject
Project("{FAE04EC0-301F-11D3-BF4B-00C04F79EFBC}") = "EFDataAccess", "EFDataAccess\EFDataAccess.csproj", "{CF97E728-6D91-4E17-975A-F83FDAB092B3}"
EndProject
Global
	GlobalSection(SolutionConfigurationPlatforms) = preSolution
		Debug|Any CPU = Debug|Any CPU
		Release|Any CPU = Release|Any CPU
	EndGlobalSection
	GlobalSection(ProjectConfigurationPlatforms) = postSolution
		{0BC8F0C2-1C46-463F-AA7F-DB840AEC8E13}.Debug|Any CPU.ActiveCfg = Debug|Any CPU
		{0BC8F0C2-1C46-463F-AA7F-DB840AEC8E13}.Debug|Any CPU.Build.0 = Debug|Any CPU
		{0BC8F0C2-1C46-463F-AA7F-DB840AEC8E13}.Release|Any CPU.ActiveCfg = Release|Any CPU
		{0BC8F0C2-1C46-463F-AA7F-DB840AEC8E13}.Release|Any CPU.Build.0 = Release|Any CPU
		{CF97E728-6D91-4E17-975A-F83FDAB092B3}.Debug|Any CPU.ActiveCfg = Debug|Any CPU
		{CF97E728-6D91-4E17-975A-F83FDAB092B3}.Debug|Any CPU.Build.0 = Debug|Any CPU
		{CF97E728-6D91-4E17-975A-F83FDAB092B3}.Release|Any CPU.ActiveCfg = Release|Any CPU
		{CF97E728-6D91-4E17-975A-F83FDAB092B3}.Release|Any CPU.Build.0 = Release|Any CPU
	EndGlobalSection
	GlobalSection(SolutionProperties) = preSolution
		HideSolutionNode = FALSE
	EndGlobalSection
	GlobalSection(ExtensibilityGlobals) = postSolution
		SolutionGuid = {C1052F89-10E6-4039-89F1-2B1623A09E41}
	EndGlobalSection
EndGlobal
